<?xml version="1.0" encoding="utf-8"?>
<Project ToolsVersion="4.0" xmlns="http://schemas.microsoft.com/developer/msbuild/2003">
  <ItemGroup>
    <ClCompile Include="template\template.cpp">
      <Filter>template</Filter>
    </ClCompile>
    <ClCompile Include="MyApp.cpp" />
    <ClCompile Include="Ray.cpp" />
    <ClCompile Include="Materials.cpp" />
    <ClCompile Include="Scene.cpp" />
    <ClCompile Include="Plane.cpp">
      <Filter>geometry</Filter>
    </ClCompile>
    <ClCompile Include="Sphere.cpp">
      <Filter>geometry</Filter>
    </ClCompile>
    <ClCompile Include="Light.cpp">
      <Filter>lights</Filter>
    </ClCompile>
    <ClCompile Include="PointLight.cpp">
      <Filter>lights</Filter>
    </ClCompile>
    <ClCompile Include="lib\imgui\backends\imgui_impl_glfw.cpp">
      <Filter>imgui</Filter>
    </ClCompile>
    <ClCompile Include="lib\imgui\backends\imgui_impl_opengl3.cpp">
      <Filter>imgui</Filter>
    </ClCompile>
    <ClCompile Include="lib\imgui\imgui.cpp">
      <Filter>imgui</Filter>
    </ClCompile>
    <ClCompile Include="lib\imgui\imgui_demo.cpp">
      <Filter>imgui</Filter>
    </ClCompile>
    <ClCompile Include="lib\imgui\imgui_draw.cpp">
      <Filter>imgui</Filter>
    </ClCompile>
    <ClCompile Include="lib\imgui\imgui_tables.cpp">
      <Filter>imgui</Filter>
    </ClCompile>
    <ClCompile Include="lib\imgui\imgui_widgets.cpp">
      <Filter>imgui</Filter>
    </ClCompile>
    <ClCompile Include="Utils.cpp" />
    <ClCompile Include="Triangle.cpp">
      <Filter>geometry</Filter>
    </ClCompile>
    <ClCompile Include="RayHelper.cpp" />
    <ClCompile Include="SpotLight.cpp">
      <Filter>lights</Filter>
    </ClCompile>
    <ClCompile Include="DirectionalLight.cpp">
      <Filter>lights</Filter>
    </ClCompile>
    <ClCompile Include="BVH.cpp">
      <Filter>geometry</Filter>
    </ClCompile>
    <ClCompile Include="AABB.cpp">
      <Filter>geometry</Filter>
    </ClCompile>
  </ItemGroup>
  <ItemGroup>
    <ClInclude Include="template\common.h">
      <Filter>template</Filter>
    </ClInclude>
    <ClInclude Include="template\precomp.h">
      <Filter>template</Filter>
    </ClInclude>
    <ClInclude Include="MyApp.h" />
    <ClInclude Include="cl\tools.cl">
      <Filter>template\cl</Filter>
    </ClInclude>
    <ClInclude Include="Ray.h" />
    <ClInclude Include="Materials.h" />
    <ClInclude Include="Scene.h" />
    <ClInclude Include="Plane.h">
      <Filter>geometry</Filter>
    </ClInclude>
    <ClInclude Include="Sphere.h">
      <Filter>geometry</Filter>
    </ClInclude>
    <ClInclude Include="Light.h">
      <Filter>lights</Filter>
    </ClInclude>
    <ClInclude Include="PointLight.h">
      <Filter>lights</Filter>
    </ClInclude>
    <ClInclude Include="lib\imgui\backends\imgui_impl_glfw.h">
      <Filter>imgui</Filter>
    </ClInclude>
    <ClInclude Include="lib\imgui\backends\imgui_impl_opengl3.h">
      <Filter>imgui</Filter>
    </ClInclude>
    <ClInclude Include="lib\imgui\backends\imgui_impl_opengl3_loader.h">
      <Filter>imgui</Filter>
    </ClInclude>
    <ClInclude Include="lib\imgui\imgui.h">
      <Filter>imgui</Filter>
    </ClInclude>
    <ClInclude Include="lib\imgui\imconfig.h">
      <Filter>imgui</Filter>
    </ClInclude>
    <ClInclude Include="lib\imgui\imgui_internal.h">
      <Filter>imgui</Filter>
    </ClInclude>
    <ClInclude Include="lib\imgui\imstb_rectpack.h">
      <Filter>imgui</Filter>
    </ClInclude>
    <ClInclude Include="lib\imgui\imstb_textedit.h">
      <Filter>imgui</Filter>
    </ClInclude>
    <ClInclude Include="lib\imgui\imstb_truetype.h">
      <Filter>imgui</Filter>
    </ClInclude>
    <ClInclude Include="Utils.h" />
    <ClInclude Include="Triangle.h">
      <Filter>geometry</Filter>
    </ClInclude>
    <ClInclude Include="RayHelper.h" />
    <ClInclude Include="SpotLight.h">
      <Filter>lights</Filter>
    </ClInclude>
    <ClInclude Include="DirectionalLight.h">
      <Filter>lights</Filter>
    </ClInclude>
    <ClInclude Include="BVH.h">
      <Filter>geometry</Filter>
    </ClInclude>
    <ClInclude Include="AABB.h">
      <Filter>geometry</Filter>
    </ClInclude>
  </ItemGroup>
  <ItemGroup>
    <None Include="template\LICENSE">
      <Filter>template</Filter>
    </None>
    <None Include="README.md">
      <Filter>template</Filter>
    </None>
    <None Include="cl\kernels.cl">
      <Filter>template\cl</Filter>
    </None>
  </ItemGroup>
  <ItemGroup>
    <Filter Include="template">
      <UniqueIdentifier>{a7d6e3cb-bfcd-438d-979f-17df241a55b4}</UniqueIdentifier>
    </Filter>
    <Filter Include="template\cl">
      <UniqueIdentifier>{dc41819e-b6c1-4070-b4c1-0849e444ca7e}</UniqueIdentifier>
    </Filter>
    <Filter Include="geometry">
      <UniqueIdentifier>{b0a51d3f-0ee0-4eaa-8d5a-3582fb785c74}</UniqueIdentifier>
    </Filter>
    <Filter Include="lights">
      <UniqueIdentifier>{9d4823ad-c586-4770-b7f9-90a5bb92e9e7}</UniqueIdentifier>
    </Filter>
    <Filter Include="imgui">
      <UniqueIdentifier>{cbc5ccd7-b848-44dd-814e-f0cd835c49db}</UniqueIdentifier>
    </Filter>
  </ItemGroup>
</Project>